
Microsoft Visual Studio Solution File, Format Version 12.00
# Visual Studio Version 17
VisualStudioVersion = 17.7.34031.279
MinimumVisualStudioVersion = 10.0.40219.1
Project("{FAE04EC0-301F-11D3-BF4B-00C04F79EFBC}") = "TEAyudo_Propuesta", "TEAyudo_Propuesta\TEAyudo_Propuesta.csproj", "{3E847A94-6120-4EEC-8CDB-DE718AA54467}"
EndProject
Project("{FAE04EC0-301F-11D3-BF4B-00C04F79EFBC}") = "Application", "Application\Application.csproj", "{6330E68A-8381-4892-9CE2-6504EF64B5E9}"
EndProject
Project("{FAE04EC0-301F-11D3-BF4B-00C04F79EFBC}") = "Infrastructure", "Infrastructure\Infrastructure.csproj", "{3A58F0B9-0D89-4369-BD06-985D00E599DA}"
EndProject
Project("{FAE04EC0-301F-11D3-BF4B-00C04F79EFBC}") = "Domain", "Domain\Domain.csproj", "{7A299CE2-96B3-4A4D-B5AD-6C0B1BDC0258}"
EndProject
Global
	GlobalSection(SolutionConfigurationPlatforms) = preSolution
		Debug|Any CPU = Debug|Any CPU
		Release|Any CPU = Release|Any CPU
	EndGlobalSection
	GlobalSection(ProjectConfigurationPlatforms) = postSolution
		{3E847A94-6120-4EEC-8CDB-DE718AA54467}.Debug|Any CPU.ActiveCfg = Debug|Any CPU
		{3E847A94-6120-4EEC-8CDB-DE718AA54467}.Debug|Any CPU.Build.0 = Debug|Any CPU
		{3E847A94-6120-4EEC-8CDB-DE718AA54467}.Release|Any CPU.ActiveCfg = Release|Any CPU
		{3E847A94-6120-4EEC-8CDB-DE718AA54467}.Release|Any CPU.Build.0 = Release|Any CPU
		{6330E68A-8381-4892-9CE2-6504EF64B5E9}.Debug|Any CPU.ActiveCfg = Debug|Any CPU
		{6330E68A-8381-4892-9CE2-6504EF64B5E9}.Debug|Any CPU.Build.0 = Debug|Any CPU
		{6330E68A-8381-4892-9CE2-6504EF64B5E9}.Release|Any CPU.ActiveCfg = Release|Any CPU
		{6330E68A-8381-4892-9CE2-6504EF64B5E9}.Release|Any CPU.Build.0 = Release|Any CPU
		{3A58F0B9-0D89-4369-BD06-985D00E599DA}.Debug|Any CPU.ActiveCfg = Debug|Any CPU
		{3A58F0B9-0D89-4369-BD06-985D00E599DA}.Debug|Any CPU.Build.0 = Debug|Any CPU
		{3A58F0B9-0D89-4369-BD06-985D00E599DA}.Release|Any CPU.ActiveCfg = Release|Any CPU
		{3A58F0B9-0D89-4369-BD06-985D00E599DA}.Release|Any CPU.Build.0 = Release|Any CPU
		{7A299CE2-96B3-4A4D-B5AD-6C0B1BDC0258}.Debug|Any CPU.ActiveCfg = Debug|Any CPU
		{7A299CE2-96B3-4A4D-B5AD-6C0B1BDC0258}.Debug|Any CPU.Build.0 = Debug|Any CPU
		{7A299CE2-96B3-4A4D-B5AD-6C0B1BDC0258}.Release|Any CPU.ActiveCfg = Release|Any CPU
		{7A299CE2-96B3-4A4D-B5AD-6C0B1BDC0258}.Release|Any CPU.Build.0 = Release|Any CPU
	EndGlobalSection
	GlobalSection(SolutionProperties) = preSolution
		HideSolutionNode = FALSE
	EndGlobalSection
	GlobalSection(ExtensibilityGlobals) = postSolution
		SolutionGuid = {A1AFE933-4965-4AE5-BC81-D76A0BB333ED}
	EndGlobalSection
EndGlobal
